<?xml version="1.0" encoding="utf-8"?>
<Project ToolsVersion="4.0" xmlns="http://schemas.microsoft.com/developer/msbuild/2003">
  <ItemGroup>
    <Filter Include="src">
      <UniqueIdentifier>{cd71a0dc-5e75-47db-aa3f-3597b893efef}</UniqueIdentifier>
    </Filter>
  </ItemGroup>
  <ItemGroup>
    <ClCompile Include="src\SandboxApp.cpp">
      <Filter>src</Filter>
    </ClCompile>
    <ClCompile Include="src\Sandbox2D.cpp">
      <Filter>src</Filter>
    </ClCompile>
    <ClCompile Include="src\Particle.cpp" />
    <ClCompile Include="src\Random.cpp" />
  </ItemGroup>
  <ItemGroup>
    <ClInclude Include="src\Sandbox2D.h">
      <Filter>src</Filter>
    </ClInclude>
    <ClInclude Include="src\Particle.h" />
    <ClInclude Include="src\Random.h" />
  </ItemGroup>
</Project>